// !$*UTF8*$!
{
	archiveVersion = 1;
	classes = {
	};
	objectVersion = 77;
	objects = {

/* Begin PBXContainerItemProxy section */
		3461F5DB2E2CDE9A0001E364 /* PBXContainerItemProxy */ = {
			isa = PBXContainerItemProxy;
			containerPortal = 3461F5C22E2CDE960001E364 /* Project object */;
			proxyType = 1;
			remoteGlobalIDString = 3461F5C92E2CDE960001E364;
			remoteInfo = Pinned;
		};
		3461F5E52E2CDE9A0001E364 /* PBXContainerItemProxy */ = {
			isa = PBXContainerItemProxy;
			containerPortal = 3461F5C22E2CDE960001E364 /* Project object */;
			proxyType = 1;
			remoteGlobalIDString = 3461F5C92E2CDE960001E364;
			remoteInfo = Pinned;
		};
/* End PBXContainerItemProxy section */

/* Begin PBXFileReference section */
		3461F5CA2E2CDE960001E364 /* Pinned.app */ = {isa = PBXFileReference; explicitFileType = wrapper.application; includeInIndex = 0; path = Pinned.app; sourceTree = BUILT_PRODUCTS_DIR; };
		3461F5DA2E2CDE9A0001E364 /* PinnedTests.xctest */ = {isa = PBXFileReference; explicitFileType = wrapper.cfbundle; includeInIndex = 0; path = PinnedTests.xctest; sourceTree = BUILT_PRODUCTS_DIR; };
		3461F5E42E2CDE9A0001E364 /* PinnedUITests.xctest */ = {isa = PBXFileReference; explicitFileType = wrapper.cfbundle; includeInIndex = 0; path = PinnedUITests.xctest; sourceTree = BUILT_PRODUCTS_DIR; };
/* End PBXFileReference section */

/* Begin PBXFileSystemSynchronizedRootGroup section */
		3461F5CC2E2CDE960001E364 /* Pinned */ = {
			isa = PBXFileSystemSynchronizedRootGroup;
			path = Pinned;
			sourceTree = "<group>";
		};
		3461F5DD2E2CDE9A0001E364 /* PinnedTests */ = {
			isa = PBXFileSystemSynchronizedRootGroup;
			path = PinnedTests;
			sourceTree = "<group>";
		};
		3461F5E72E2CDE9A0001E364 /* PinnedUITests */ = {
			isa = PBXFileSystemSynchronizedRootGroup;
			path = PinnedUITests;
			sourceTree = "<group>";
		};
/* End PBXFileSystemSynchronizedRootGroup section */

/* Begin PBXFrameworksBuildPhase section */
		3461F5C72E2CDE960001E364 /* Frameworks */ = {
			isa = PBXFrameworksBuildPhase;
			buildActionMask = 2147483647;
			files = (
			);
			runOnlyForDeploymentPostprocessing = 0;
		};
		3461F5D72E2CDE9A0001E364 /* Frameworks */ = {
			isa = PBXFrameworksBuildPhase;
			buildActionMask = 2147483647;
			files = (
			);
			runOnlyForDeploymentPostprocessing = 0;
		};
		3461F5E12E2CDE9A0001E364 /* Frameworks */ = {
			isa = PBXFrameworksBuildPhase;
			buildActionMask = 2147483647;
			files = (
			);
			runOnlyForDeploymentPostprocessing = 0;
		};
/* End PBXFrameworksBuildPhase section */

/* Begin PBXGroup section */
		3461F5C12E2CDE960001E364 = {
			isa = PBXGroup;
			children = (
				3461F5CC2E2CDE960001E364 /* Pinned */,
				3461F5DD2E2CDE9A0001E364 /* PinnedTests */,
				3461F5E72E2CDE9A0001E364 /* PinnedUITests */,
				3461F5CB2E2CDE960001E364 /* Products */,
			);
			sourceTree = "<group>";
		};
		3461F5CB2E2CDE960001E364 /* Products */ = {
			isa = PBXGroup;
			children = (
				3461F5CA2E2CDE960001E364 /* Pinned.app */,
				3461F5DA2E2CDE9A0001E364 /* PinnedTests.xctest */,
				3461F5E42E2CDE9A0001E364 /* PinnedUITests.xctest */,
			);
			name = Products;
			sourceTree = "<group>";
		};
/* End PBXGroup section */

/* Begin PBXNativeTarget section */
		3461F5C92E2CDE960001E364 /* Pinned */ = {
			isa = PBXNativeTarget;
			buildConfigurationList = 3461F5EE2E2CDE9A0001E364 /* Build configuration list for PBXNativeTarget "Pinned" */;
			buildPhases = (
				3461F5C62E2CDE960001E364 /* Sources */,
				3461F5C72E2CDE960001E364 /* Frameworks */,
				3461F5C82E2CDE960001E364 /* Resources */,
			);
			buildRules = (
			);
			dependencies = (
			);
			fileSystemSynchronizedGroups = (
				3461F5CC2E2CDE960001E364 /* Pinned */,
			);
			name = Pinned;
			packageProductDependencies = (
			);
			productName = Pinned;
			productReference = 3461F5CA2E2CDE960001E364 /* Pinned.app */;
			productType = "com.apple.product-type.application";
		};
		3461F5D92E2CDE9A0001E364 /* PinnedTests */ = {
			isa = PBXNativeTarget;
			buildConfigurationList = 3461F5F12E2CDE9A0001E364 /* Build configuration list for PBXNativeTarget "PinnedTests" */;
			buildPhases = (
				3461F5D62E2CDE9A0001E364 /* Sources */,
				3461F5D72E2CDE9A0001E364 /* Frameworks */,
				3461F5D82E2CDE9A0001E364 /* Resources */,
			);
			buildRules = (
			);
			dependencies = (
				3461F5DC2E2CDE9A0001E364 /* PBXTargetDependency */,
			);
			fileSystemSynchronizedGroups = (
				3461F5DD2E2CDE9A0001E364 /* PinnedTests */,
			);
			name = PinnedTests;
			packageProductDependencies = (
			);
			productName = PinnedTests;
			productReference = 3461F5DA2E2CDE9A0001E364 /* PinnedTests.xctest */;
			productType = "com.apple.product-type.bundle.unit-test";
		};
		3461F5E32E2CDE9A0001E364 /* PinnedUITests */ = {
			isa = PBXNativeTarget;
			buildConfigurationList = 3461F5F42E2CDE9A0001E364 /* Build configuration list for PBXNativeTarget "PinnedUITests" */;
			buildPhases = (
				3461F5E02E2CDE9A0001E364 /* Sources */,
				3461F5E12E2CDE9A0001E364 /* Frameworks */,
				3461F5E22E2CDE9A0001E364 /* Resources */,
			);
			buildRules = (
			);
			dependencies = (
				3461F5E62E2CDE9A0001E364 /* PBXTargetDependency */,
			);
			fileSystemSynchronizedGroups = (
				3461F5E72E2CDE9A0001E364 /* PinnedUITests */,
			);
			name = PinnedUITests;
			packageProductDependencies = (
			);
			productName = PinnedUITests;
			productReference = 3461F5E42E2CDE9A0001E364 /* PinnedUITests.xctest */;
			productType = "com.apple.product-type.bundle.ui-testing";
		};
/* End PBXNativeTarget section */

/* Begin PBXProject section */
		3461F5C22E2CDE960001E364 /* Project object */ = {
			isa = PBXProject;
			attributes = {
				BuildIndependentTargetsInParallel = 1;
				LastSwiftUpdateCheck = 1620;
				LastUpgradeCheck = 1620;
				TargetAttributes = {
					3461F5C92E2CDE960001E364 = {
						CreatedOnToolsVersion = 16.2;
					};
					3461F5D92E2CDE9A0001E364 = {
						CreatedOnToolsVersion = 16.2;
						TestTargetID = 3461F5C92E2CDE960001E364;
					};
					3461F5E32E2CDE9A0001E364 = {
						CreatedOnToolsVersion = 16.2;
						TestTargetID = 3461F5C92E2CDE960001E364;
					};
				};
			};
			buildConfigurationList = 3461F5C52E2CDE960001E364 /* Build configuration list for PBXProject "Pinned" */;
			developmentRegion = en;
			hasScannedForEncodings = 0;
			knownRegions = (
				en,
				Base,
			);
			mainGroup = 3461F5C12E2CDE960001E364;
			minimizedProjectReferenceProxies = 1;
			preferredProjectObjectVersion = 77;
			productRefGroup = 3461F5CB2E2CDE960001E364 /* Products */;
			projectDirPath = "";
			projectRoot = "";
			targets = (
				3461F5C92E2CDE960001E364 /* Pinned */,
				3461F5D92E2CDE9A0001E364 /* PinnedTests */,
				3461F5E32E2CDE9A0001E364 /* PinnedUITests */,
			);
		};
/* End PBXProject section */

/* Begin PBXResourcesBuildPhase section */
		3461F5C82E2CDE960001E364 /* Resources */ = {
			isa = PBXResourcesBuildPhase;
			buildActionMask = 2147483647;
			files = (
			);
			runOnlyForDeploymentPostprocessing = 0;
		};
		3461F5D82E2CDE9A0001E364 /* Resources */ = {
			isa = PBXResourcesBuildPhase;
			buildActionMask = 2147483647;
			files = (
			);
			runOnlyForDeploymentPostprocessing = 0;
		};
		3461F5E22E2CDE9A0001E364 /* Resources */ = {
			isa = PBXResourcesBuildPhase;
			buildActionMask = 2147483647;
			files = (
			);
			runOnlyForDeploymentPostprocessing = 0;
		};
/* End PBXResourcesBuildPhase section */

/* Begin PBXSourcesBuildPhase section */
		3461F5C62E2CDE960001E364 /* Sources */ = {
			isa = PBXSourcesBuildPhase;
			buildActionMask = 2147483647;
			files = (
			);
			runOnlyForDeploymentPostprocessing = 0;
		};
		3461F5D62E2CDE9A0001E364 /* Sources */ = {
			isa = PBXSourcesBuildPhase;
			buildActionMask = 2147483647;
			files = (
			);
			runOnlyForDeploymentPostprocessing = 0;
		};
		3461F5E02E2CDE9A0001E364 /* Sources */ = {
			isa = PBXSourcesBuildPhase;
			buildActionMask = 2147483647;
			files = (
			);
			runOnlyForDeploymentPostprocessing = 0;
		};
/* End PBXSourcesBuildPhase section */

/* Begin PBXTargetDependency section */
		3461F5DC2E2CDE9A0001E364 /* PBXTargetDependency */ = {
			isa = PBXTargetDependency;
			target = 3461F5C92E2CDE960001E364 /* Pinned */;
			targetProxy = 3461F5DB2E2CDE9A0001E364 /* PBXContainerItemProxy */;
		};
		3461F5E62E2CDE9A0001E364 /* PBXTargetDependency */ = {
			isa = PBXTargetDependency;
			target = 3461F5C92E2CDE960001E364 /* Pinned */;
			targetProxy = 3461F5E52E2CDE9A0001E364 /* PBXContainerItemProxy */;
		};
/* End PBXTargetDependency section */

/* Begin XCBuildConfiguration section */
		3461F5EC2E2CDE9A0001E364 /* Debug */ = {
			isa = XCBuildConfiguration;
			buildSettings = {
				ALWAYS_SEARCH_USER_PATHS = NO;
				ASSETCATALOG_COMPILER_GENERATE_SWIFT_ASSET_SYMBOL_EXTENSIONS = YES;
				CLANG_ANALYZER_NONNULL = YES;
				CLANG_ANALYZER_NUMBER_OBJECT_CONVERSION = YES_AGGRESSIVE;
				CLANG_CXX_LANGUAGE_STANDARD = "gnu++20";
				CLANG_ENABLE_MODULES = YES;
				CLANG_ENABLE_OBJC_ARC = YES;
				CLANG_ENABLE_OBJC_WEAK = YES;
				CLANG_WARN_BLOCK_CAPTURE_AUTORELEASING = YES;
				CLANG_WARN_BOOL_CONVERSION = YES;
				CLANG_WARN_COMMA = YES;
				CLANG_WARN_CONSTANT_CONVERSION = YES;
				CLANG_WARN_DEPRECATED_OBJC_IMPLEMENTATIONS = YES;
				CLANG_WARN_DIRECT_OBJC_ISA_USAGE = YES_ERROR;
				CLANG_WARN_DOCUMENTATION_COMMENTS = YES;
				CLANG_WARN_EMPTY_BODY = YES;
				CLANG_WARN_ENUM_CONVERSION = YES;
				CLANG_WARN_INFINITE_RECURSION = YES;
				CLANG_WARN_INT_CONVERSION = YES;
				CLANG_WARN_NON_LITERAL_NULL_CONVERSION = YES;
				CLANG_WARN_OBJC_IMPLICIT_RETAIN_SELF = YES;
				CLANG_WARN_OBJC_LITERAL_CONVERSION = YES;
				CLANG_WARN_OBJC_ROOT_CLASS = YES_ERROR;
				CLANG_WARN_QUOTED_INCLUDE_IN_FRAMEWORK_HEADER = YES;
				CLANG_WARN_RANGE_LOOP_ANALYSIS = YES;
				CLANG_WARN_STRICT_PROTOTYPES = YES;
				CLANG_WARN_SUSPICIOUS_MOVE = YES;
				CLANG_WARN_UNGUARDED_AVAILABILITY = YES_AGGRESSIVE;
				CLANG_WARN_UNREACHABLE_CODE = YES;
				CLANG_WARN__DUPLICATE_METHOD_MATCH = YES;
				COPY_PHASE_STRIP = NO;
				DEBUG_INFORMATION_FORMAT = dwarf;
				ENABLE_STRICT_OBJC_MSGSEND = YES;
				ENABLE_TESTABILITY = YES;
				ENABLE_USER_SCRIPT_SANDBOXING = YES;
				GCC_C_LANGUAGE_STANDARD = gnu17;
				GCC_DYNAMIC_NO_PIC = NO;
				GCC_NO_COMMON_BLOCKS = YES;
				GCC_OPTIMIZATION_LEVEL = 0;
				GCC_PREPROCESSOR_DEFINITIONS = (
					"DEBUG=1",
					"$(inherited)",
				);
				GCC_WARN_64_TO_32_BIT_CONVERSION = YES;
				GCC_WARN_ABOUT_RETURN_TYPE = YES_ERROR;
				GCC_WARN_UNDECLARED_SELECTOR = YES;
				GCC_WARN_UNINITIALIZED_AUTOS = YES_AGGRESSIVE;
				GCC_WARN_UNUSED_FUNCTION = YES;
				GCC_WARN_UNUSED_VARIABLE = YES;
				IPHONEOS_DEPLOYMENT_TARGET = 18.2;
				LOCALIZATION_PREFERS_STRING_CATALOGS = YES;
				MTL_ENABLE_DEBUG_INFO = INCLUDE_SOURCE;
				MTL_FAST_MATH = YES;
				ONLY_ACTIVE_ARCH = YES;
				SDKROOT = iphoneos;
				SWIFT_ACTIVE_COMPILATION_CONDITIONS = "DEBUG $(inherited)";
				SWIFT_OPTIMIZATION_LEVEL = "-Onone";
			};
			name = Debug;
		};
		3461F5ED2E2CDE9A0001E364 /* Release */ = {
			isa = XCBuildConfiguration;
			buildSettings = {
				ALWAYS_SEARCH_USER_PATHS = NO;
				ASSETCATALOG_COMPILER_GENERATE_SWIFT_ASSET_SYMBOL_EXTENSIONS = YES;
				CLANG_ANALYZER_NONNULL = YES;
				CLANG_ANALYZER_NUMBER_OBJECT_CONVERSION = YES_AGGRESSIVE;
				CLANG_CXX_LANGUAGE_STANDARD = "gnu++20";
				CLANG_ENABLE_MODULES = YES;
				CLANG_ENABLE_OBJC_ARC = YES;
				CLANG_ENABLE_OBJC_WEAK = YES;
				CLANG_WARN_BLOCK_CAPTURE_AUTORELEASING = YES;
				CLANG_WARN_BOOL_CONVERSION = YES;
				CLANG_WARN_COMMA = YES;
				CLANG_WARN_CONSTANT_CONVERSION = YES;
				CLANG_WARN_DEPRECATED_OBJC_IMPLEMENTATIONS = YES;
				CLANG_WARN_DIRECT_OBJC_ISA_USAGE = YES_ERROR;
				CLANG_WARN_DOCUMENTATION_COMMENTS = YES;
				CLANG_WARN_EMPTY_BODY = YES;
				CLANG_WARN_ENUM_CONVERSION = YES;
				CLANG_WARN_INFINITE_RECURSION = YES;
				CLANG_WARN_INT_CONVERSION = YES;
				CLANG_WARN_NON_LITERAL_NULL_CONVERSION = YES;
				CLANG_WARN_OBJC_IMPLICIT_RETAIN_SELF = YES;
				CLANG_WARN_OBJC_LITERAL_CONVERSION = YES;
				CLANG_WARN_OBJC_ROOT_CLASS = YES_ERROR;
				CLANG_WARN_QUOTED_INCLUDE_IN_FRAMEWORK_HEADER = YES;
				CLANG_WARN_RANGE_LOOP_ANALYSIS = YES;
				CLANG_WARN_STRICT_PROTOTYPES = YES;
				CLANG_WARN_SUSPICIOUS_MOVE = YES;
				CLANG_WARN_UNGUARDED_AVAILABILITY = YES_AGGRESSIVE;
				CLANG_WARN_UNREACHABLE_CODE = YES;
				CLANG_WARN__DUPLICATE_METHOD_MATCH = YES;
				COPY_PHASE_STRIP = NO;
				DEBUG_INFORMATION_FORMAT = "dwarf-with-dsym";
				ENABLE_NS_ASSERTIONS = NO;
				ENABLE_STRICT_OBJC_MSGSEND = YES;
				ENABLE_USER_SCRIPT_SANDBOXING = YES;
				GCC_C_LANGUAGE_STANDARD = gnu17;
				GCC_NO_COMMON_BLOCKS = YES;
				GCC_WARN_64_TO_32_BIT_CONVERSION = YES;
				GCC_WARN_ABOUT_RETURN_TYPE = YES_ERROR;
				GCC_WARN_UNDECLARED_SELECTOR = YES;
				GCC_WARN_UNINITIALIZED_AUTOS = YES_AGGRESSIVE;
				GCC_WARN_UNUSED_FUNCTION = YES;
				GCC_WARN_UNUSED_VARIABLE = YES;
				IPHONEOS_DEPLOYMENT_TARGET = 18.2;
				LOCALIZATION_PREFERS_STRING_CATALOGS = YES;
				MTL_ENABLE_DEBUG_INFO = NO;
				MTL_FAST_MATH = YES;
				SDKROOT = iphoneos;
				SWIFT_COMPILATION_MODE = wholemodule;
				VALIDATE_PRODUCT = YES;
			};
			name = Release;
		};
		3461F5EF2E2CDE9A0001E364 /* Debug */ = {
			isa = XCBuildConfiguration;
			buildSettings = {
				ASSETCATALOG_COMPILER_APPICON_NAME = AppIcon;
				ASSETCATALOG_COMPILER_GLOBAL_ACCENT_COLOR_NAME = AccentColor;
				CODE_SIGN_STYLE = Automatic;
				CURRENT_PROJECT_VERSION = 1;
				DEVELOPMENT_ASSET_PATHS = "\"Pinned/Preview Content\"";
				ENABLE_PREVIEWS = YES;
				GENERATE_INFOPLIST_FILE = YES;
				INFOPLIST_KEY_UIApplicationSceneManifest_Generation = YES;
				INFOPLIST_KEY_UIApplicationSupportsIndirectInputEvents = YES;
				INFOPLIST_KEY_UILaunchScreen_Generation = YES;
				INFOPLIST_KEY_UISupportedInterfaceOrientations_iPad = "UIInterfaceOrientationPortrait UIInterfaceOrientationPortraitUpsideDown UIInterfaceOrientationLandscapeLeft UIInterfaceOrientationLandscapeRight";
				INFOPLIST_KEY_UISupportedInterfaceOrientations_iPhone = "UIInterfaceOrientationPortrait UIInterfaceOrientationLandscapeLeft UIInterfaceOrientationLandscapeRight";
				LD_RUNPATH_SEARCH_PATHS = (
					"$(inherited)",
					"@executable_path/Frameworks",
				);
				MARKETING_VERSION = 1.0;
				PRODUCT_BUNDLE_IDENTIFIER = com.aethon.Pinned;
				PRODUCT_NAME = "$(TARGET_NAME)";
				SWIFT_EMIT_LOC_STRINGS = YES;
				SWIFT_VERSION = 5.0;
				TARGETED_DEVICE_FAMILY = "1,2";
			};
			name = Debug;
		};
		3461F5F02E2CDE9A0001E364 /* Release */ = {
			isa = XCBuildConfiguration;
			buildSettings = {
				ASSETCATALOG_COMPILER_APPICON_NAME = AppIcon;
				ASSETCATALOG_COMPILER_GLOBAL_ACCENT_COLOR_NAME = AccentColor;
				CODE_SIGN_STYLE = Automatic;
				CURRENT_PROJECT_VERSION = 1;
				DEVELOPMENT_ASSET_PATHS = "\"Pinned/Preview Content\"";
				ENABLE_PREVIEWS = YES;
				GENERATE_INFOPLIST_FILE = YES;
				INFOPLIST_KEY_UIApplicationSceneManifest_Generation = YES;
				INFOPLIST_KEY_UIApplicationSupportsIndirectInputEvents = YES;
				INFOPLIST_KEY_UILaunchScreen_Generation = YES;
				INFOPLIST_KEY_UISupportedInterfaceOrientations_iPad = "UIInterfaceOrientationPortrait UIInterfaceOrientationPortraitUpsideDown UIInterfaceOrientationLandscapeLeft UIInterfaceOrientationLandscapeRight";
				INFOPLIST_KEY_UISupportedInterfaceOrientations_iPhone = "UIInterfaceOrientationPortrait UIInterfaceOrientationLandscapeLeft UIInterfaceOrientationLandscapeRight";
				LD_RUNPATH_SEARCH_PATHS = (
					"$(inherited)",
					"@executable_path/Frameworks",
				);
				MARKETING_VERSION = 1.0;
				PRODUCT_BUNDLE_IDENTIFIER = com.aethon.Pinned;
				PRODUCT_NAME = "$(TARGET_NAME)";
				SWIFT_EMIT_LOC_STRINGS = YES;
				SWIFT_VERSION = 5.0;
				TARGETED_DEVICE_FAMILY = "1,2";
			};
			name = Release;
		};
		3461F5F22E2CDE9A0001E364 /* Debug */ = {
			isa = XCBuildConfiguration;
			buildSettings = {
				BUNDLE_LOADER = "$(TEST_HOST)";
				CODE_SIGN_STYLE = Automatic;
				CURRENT_PROJECT_VERSION = 1;
				GENERATE_INFOPLIST_FILE = YES;
				IPHONEOS_DEPLOYMENT_TARGET = 18.2;
				MARKETING_VERSION = 1.0;
				PRODUCT_BUNDLE_IDENTIFIER = com.aethon.PinnedTests;
				PRODUCT_NAME = "$(TARGET_NAME)";
				SWIFT_EMIT_LOC_STRINGS = NO;
				SWIFT_VERSION = 5.0;
				TARGETED_DEVICE_FAMILY = "1,2";
				TEST_HOST = "$(BUILT_PRODUCTS_DIR)/Pinned.app/$(BUNDLE_EXECUTABLE_FOLDER_PATH)/Pinned";
			};
			name = Debug;
		};
		3461F5F32E2CDE9A0001E364 /* Release */ = {
			isa = XCBuildConfiguration;
			buildSettings = {
				BUNDLE_LOADER = "$(TEST_HOST)";
				CODE_SIGN_STYLE = Automatic;
				CURRENT_PROJECT_VERSION = 1;
				GENERATE_INFOPLIST_FILE = YES;
				IPHONEOS_DEPLOYMENT_TARGET = 18.2;
				MARKETING_VERSION = 1.0;
				PRODUCT_BUNDLE_IDENTIFIER = com.aethon.PinnedTests;
				PRODUCT_NAME = "$(TARGET_NAME)";
				SWIFT_EMIT_LOC_STRINGS = NO;
				SWIFT_VERSION = 5.0;
				TARGETED_DEVICE_FAMILY = "1,2";
				TEST_HOST = "$(BUILT_PRODUCTS_DIR)/Pinned.app/$(BUNDLE_EXECUTABLE_FOLDER_PATH)/Pinned";
			};
			name = Release;
		};
		3461F5F52E2CDE9A0001E364 /* Debug */ = {
			isa = XCBuildConfiguration;
			buildSettings = {
				CODE_SIGN_STYLE = Automatic;
				CURRENT_PROJECT_VERSION = 1;
				GENERATE_INFOPLIST_FILE = YES;
				MARKETING_VERSION = 1.0;
				PRODUCT_BUNDLE_IDENTIFIER = com.aethon.PinnedUITests;
				PRODUCT_NAME = "$(TARGET_NAME)";
				SWIFT_EMIT_LOC_STRINGS = NO;
				SWIFT_VERSION = 5.0;
				TARGETED_DEVICE_FAMILY = "1,2";
				TEST_TARGET_NAME = Pinned;
			};
			name = Debug;
		};
		3461F5F62E2CDE9A0001E364 /* Release */ = {
			isa = XCBuildConfiguration;
			buildSettings = {
				CODE_SIGN_STYLE = Automatic;
				CURRENT_PROJECT_VERSION = 1;
				GENERATE_INFOPLIST_FILE = YES;
				MARKETING_VERSION = 1.0;
				PRODUCT_BUNDLE_IDENTIFIER = com.aethon.PinnedUITests;
				PRODUCT_NAME = "$(TARGET_NAME)";
				SWIFT_EMIT_LOC_STRINGS = NO;
				SWIFT_VERSION = 5.0;
				TARGETED_DEVICE_FAMILY = "1,2";
				TEST_TARGET_NAME = Pinned;
			};
			name = Release;
		};
/* End XCBuildConfiguration section */

/* Begin XCConfigurationList section */
		3461F5C52E2CDE960001E364 /* Build configuration list for PBXProject "Pinned" */ = {
			isa = XCConfigurationList;
			buildConfigurations = (
				3461F5EC2E2CDE9A0001E364 /* Debug */,
				3461F5ED2E2CDE9A0001E364 /* Release */,
			);
			defaultConfigurationIsVisible = 0;
			defaultConfigurationName = Release;
		};
		3461F5EE2E2CDE9A0001E364 /* Build configuration list for PBXNativeTarget "Pinned" */ = {
			isa = XCConfigurationList;
			buildConfigurations = (
				3461F5EF2E2CDE9A0001E364 /* Debug */,
				3461F5F02E2CDE9A0001E364 /* Release */,
			);
			defaultConfigurationIsVisible = 0;
			defaultConfigurationName = Release;
		};
		3461F5F12E2CDE9A0001E364 /* Build configuration list for PBXNativeTarget "PinnedTests" */ = {
			isa = XCConfigurationList;
			buildConfigurations = (
				3461F5F22E2CDE9A0001E364 /* Debug */,
				3461F5F32E2CDE9A0001E364 /* Release */,
			);
			defaultConfigurationIsVisible = 0;
			defaultConfigurationName = Release;
		};
		3461F5F42E2CDE9A0001E364 /* Build configuration list for PBXNativeTarget "PinnedUITests" */ = {
			isa = XCConfigurationList;
			buildConfigurations = (
				3461F5F52E2CDE9A0001E364 /* Debug */,
				3461F5F62E2CDE9A0001E364 /* Release */,
			);
			defaultConfigurationIsVisible = 0;
			defaultConfigurationName = Release;
		};
/* End XCConfigurationList section */
	};
	rootObject = 3461F5C22E2CDE960001E364 /* Project object */;
}
